
Microsoft Visual Studio Solution File, Format Version 12.00
# Visual Studio Version 16
VisualStudioVersion = 16.0.31624.102
MinimumVisualStudioVersion = 10.0.40219.1
Project("{FAE04EC0-301F-11D3-BF4B-00C04F79EFBC}") = "realloc", "realloc.csproj", "{8D42FB01-52BF-4B75-94AB-038568BFC627}"
EndProject
Global
	GlobalSection(SolutionConfigurationPlatforms) = preSolution
		Debug|Any CPU = Debug|Any CPU
		Release|Any CPU = Release|Any CPU
	EndGlobalSection
	GlobalSection(ProjectConfigurationPlatforms) = postSolution
		{8D42FB01-52BF-4B75-94AB-038568BFC627}.Debug|Any CPU.ActiveCfg = Debug|Any CPU
		{8D42FB01-52BF-4B75-94AB-038568BFC627}.Debug|Any CPU.Build.0 = Debug|Any CPU
		{8D42FB01-52BF-4B75-94AB-038568BFC627}.Release|Any CPU.ActiveCfg = Release|Any CPU
		{8D42FB01-52BF-4B75-94AB-038568BFC627}.Release|Any CPU.Build.0 = Release|Any CPU
	EndGlobalSection
	GlobalSection(SolutionProperties) = preSolution
		HideSolutionNode = FALSE
	EndGlobalSection
	GlobalSection(ExtensibilityGlobals) = postSolution
		SolutionGuid = {3941F300-2503-4616-96A6-1A5A6CBB6B11}
	EndGlobalSection
EndGlobal
